
Microsoft Visual Studio Solution File, Format Version 12.00
# Visual Studio 15
VisualStudioVersion = 15.0.28307.168
MinimumVisualStudioVersion = 10.0.40219.1
Project("{FAE04EC0-301F-11D3-BF4B-00C04F79EFBC}") = "NetMaster", "NetMaster\NetMaster.csproj", "{455E8CAC-0CAB-4B33-AC5A-42DB65E6E9FD}"
EndProject
Global
	GlobalSection(SolutionConfigurationPlatforms) = preSolution
		Debug|Any CPU = Debug|Any CPU
		Release|Any CPU = Release|Any CPU
	EndGlobalSection
	GlobalSection(ProjectConfigurationPlatforms) = postSolution
		{455E8CAC-0CAB-4B33-AC5A-42DB65E6E9FD}.Debug|Any CPU.ActiveCfg = Debug|Any CPU
		{455E8CAC-0CAB-4B33-AC5A-42DB65E6E9FD}.Debug|Any CPU.Build.0 = Debug|Any CPU
		{455E8CAC-0CAB-4B33-AC5A-42DB65E6E9FD}.Release|Any CPU.ActiveCfg = Release|Any CPU
		{455E8CAC-0CAB-4B33-AC5A-42DB65E6E9FD}.Release|Any CPU.Build.0 = Release|Any CPU
	EndGlobalSection
	GlobalSection(SolutionProperties) = preSolution
		HideSolutionNode = FALSE
	EndGlobalSection
	GlobalSection(ExtensibilityGlobals) = postSolution
		SolutionGuid = {47199D9E-0ECB-4F7F-8BC9-21B0E6EA7A75}
	EndGlobalSection
EndGlobal
